
Microsoft Visual Studio Solution File, Format Version 12.00
# Visual Studio Version 17
VisualStudioVersion = 17.13.35931.197 d17.13
MinimumVisualStudioVersion = 10.0.40219.1
Project("{FAE04EC0-301F-11D3-BF4B-00C04F79EFBC}") = "DuAn_HomeStay", "DuAn_HomeStay\DuAn_HomeStay.csproj", "{2E7B455E-3C03-4F32-A3F0-FED6F32310CE}"
EndProject
Global
	GlobalSection(SolutionConfigurationPlatforms) = preSolution
		Debug|Any CPU = Debug|Any CPU
		Release|Any CPU = Release|Any CPU
	EndGlobalSection
	GlobalSection(ProjectConfigurationPlatforms) = postSolution
		{2E7B455E-3C03-4F32-A3F0-FED6F32310CE}.Debug|Any CPU.ActiveCfg = Debug|Any CPU
		{2E7B455E-3C03-4F32-A3F0-FED6F32310CE}.Debug|Any CPU.Build.0 = Debug|Any CPU
		{2E7B455E-3C03-4F32-A3F0-FED6F32310CE}.Release|Any CPU.ActiveCfg = Release|Any CPU
		{2E7B455E-3C03-4F32-A3F0-FED6F32310CE}.Release|Any CPU.Build.0 = Release|Any CPU
	EndGlobalSection
	GlobalSection(SolutionProperties) = preSolution
		HideSolutionNode = FALSE
	EndGlobalSection
	GlobalSection(ExtensibilityGlobals) = postSolution
		SolutionGuid = {CEDC945B-F14B-4DF6-8A5B-2D0BC5E6887A}
	EndGlobalSection
EndGlobal
